
Microsoft Visual Studio Solution File, Format Version 12.00
# Visual Studio Version 16
VisualStudioVersion = 16.0.30503.244
MinimumVisualStudioVersion = 10.0.40219.1
Project("{FAE04EC0-301F-11D3-BF4B-00C04F79EFBC}") = "colecciones", "colecciones\colecciones.csproj", "{C5F586F2-3BD6-41E9-8E8A-457E9E14DEE5}"
EndProject
Global
	GlobalSection(SolutionConfigurationPlatforms) = preSolution
		Debug|Any CPU = Debug|Any CPU
		Release|Any CPU = Release|Any CPU
	EndGlobalSection
	GlobalSection(ProjectConfigurationPlatforms) = postSolution
		{C5F586F2-3BD6-41E9-8E8A-457E9E14DEE5}.Debug|Any CPU.ActiveCfg = Debug|Any CPU
		{C5F586F2-3BD6-41E9-8E8A-457E9E14DEE5}.Debug|Any CPU.Build.0 = Debug|Any CPU
		{C5F586F2-3BD6-41E9-8E8A-457E9E14DEE5}.Release|Any CPU.ActiveCfg = Release|Any CPU
		{C5F586F2-3BD6-41E9-8E8A-457E9E14DEE5}.Release|Any CPU.Build.0 = Release|Any CPU
	EndGlobalSection
	GlobalSection(SolutionProperties) = preSolution
		HideSolutionNode = FALSE
	EndGlobalSection
	GlobalSection(ExtensibilityGlobals) = postSolution
		SolutionGuid = {D238D2F1-7CB3-4A1D-9797-F5C744C70EB6}
	EndGlobalSection
EndGlobal
